
Microsoft Visual Studio Solution File, Format Version 12.00
# Visual Studio 2015
Project("{FAE04EC0-301F-11D3-BF4B-00C04F79EFBC}") = "IP2 Project.CSharp", "IP2 Project.CSharp.csproj", "{21340473-E96B-0ED0-8582-87440863D792}"
EndProject
Global
	GlobalSection(SolutionConfigurationPlatforms) = preSolution
		Debug|Any CPU = Debug|Any CPU
		Release|Any CPU = Release|Any CPU
	EndGlobalSection
	GlobalSection(ProjectConfigurationPlatforms) = postSolution
		{21340473-E96B-0ED0-8582-87440863D792}.Debug|Any CPU.ActiveCfg = Debug|Any CPU
		{21340473-E96B-0ED0-8582-87440863D792}.Debug|Any CPU.Build.0 = Debug|Any CPU
		{21340473-E96B-0ED0-8582-87440863D792}.Release|Any CPU.ActiveCfg = Release|Any CPU
		{21340473-E96B-0ED0-8582-87440863D792}.Release|Any CPU.Build.0 = Release|Any CPU
	EndGlobalSection
	GlobalSection(SolutionProperties) = preSolution
		HideSolutionNode = FALSE
	EndGlobalSection
EndGlobal
